
Microsoft Visual Studio Solution File, Format Version 12.00
# Visual Studio Version 16
VisualStudioVersion = 16.0.34407.143
MinimumVisualStudioVersion = 10.0.40219.1
Project("{FAE04EC0-301F-11D3-BF4B-00C04F79EFBC}") = "C969 Project", "C969 Project\C969 Project.csproj", "{AF2D2DB0-C13F-4984-A05B-70E2652DB057}"
EndProject
Global
	GlobalSection(SolutionConfigurationPlatforms) = preSolution
		Debug|Any CPU = Debug|Any CPU
		Release|Any CPU = Release|Any CPU
	EndGlobalSection
	GlobalSection(ProjectConfigurationPlatforms) = postSolution
		{AF2D2DB0-C13F-4984-A05B-70E2652DB057}.Debug|Any CPU.ActiveCfg = Debug|Any CPU
		{AF2D2DB0-C13F-4984-A05B-70E2652DB057}.Debug|Any CPU.Build.0 = Debug|Any CPU
		{AF2D2DB0-C13F-4984-A05B-70E2652DB057}.Release|Any CPU.ActiveCfg = Release|Any CPU
		{AF2D2DB0-C13F-4984-A05B-70E2652DB057}.Release|Any CPU.Build.0 = Release|Any CPU
	EndGlobalSection
	GlobalSection(SolutionProperties) = preSolution
		HideSolutionNode = FALSE
	EndGlobalSection
	GlobalSection(ExtensibilityGlobals) = postSolution
		SolutionGuid = {7D10F5B0-3968-4EEA-987B-4FB48122F66B}
	EndGlobalSection
EndGlobal
