
Microsoft Visual Studio Solution File, Format Version 12.00
# Visual Studio Version 17
VisualStudioVersion = 17.3.32819.101
MinimumVisualStudioVersion = 10.0.40219.1
Project("{FAE04EC0-301F-11D3-BF4B-00C04F79EFBC}") = "Software II - C969", "Software II - C969\Software II - C969.csproj", "{F809964D-1E42-4A69-9531-A71A51989FA3}"
EndProject
Global
	GlobalSection(SolutionConfigurationPlatforms) = preSolution
		Debug|Any CPU = Debug|Any CPU
		Release|Any CPU = Release|Any CPU
	EndGlobalSection
	GlobalSection(ProjectConfigurationPlatforms) = postSolution
		{F809964D-1E42-4A69-9531-A71A51989FA3}.Debug|Any CPU.ActiveCfg = Debug|Any CPU
		{F809964D-1E42-4A69-9531-A71A51989FA3}.Debug|Any CPU.Build.0 = Debug|Any CPU
		{F809964D-1E42-4A69-9531-A71A51989FA3}.Release|Any CPU.ActiveCfg = Release|Any CPU
		{F809964D-1E42-4A69-9531-A71A51989FA3}.Release|Any CPU.Build.0 = Release|Any CPU
	EndGlobalSection
	GlobalSection(SolutionProperties) = preSolution
		HideSolutionNode = FALSE
	EndGlobalSection
	GlobalSection(ExtensibilityGlobals) = postSolution
		SolutionGuid = {F0BE60CB-2C0A-4E28-88B2-EC12D2CB4345}
	EndGlobalSection
EndGlobal
